
Microsoft Visual Studio Solution File, Format Version 12.00
# Visual Studio Version 17
VisualStudioVersion = 17.11.35327.3
MinimumVisualStudioVersion = 10.0.40219.1
Project("{FAE04EC0-301F-11D3-BF4B-00C04F79EFBC}") = "Atividade 10 - Tela de login", "Atividade 10 - Tela de login.csproj", "{0BE49E42-9BA6-48E6-AA17-F39358C63B4C}"
EndProject
Global
	GlobalSection(SolutionConfigurationPlatforms) = preSolution
		Debug|Any CPU = Debug|Any CPU
		Release|Any CPU = Release|Any CPU
	EndGlobalSection
	GlobalSection(ProjectConfigurationPlatforms) = postSolution
		{0BE49E42-9BA6-48E6-AA17-F39358C63B4C}.Debug|Any CPU.ActiveCfg = Debug|Any CPU
		{0BE49E42-9BA6-48E6-AA17-F39358C63B4C}.Debug|Any CPU.Build.0 = Debug|Any CPU
		{0BE49E42-9BA6-48E6-AA17-F39358C63B4C}.Release|Any CPU.ActiveCfg = Release|Any CPU
		{0BE49E42-9BA6-48E6-AA17-F39358C63B4C}.Release|Any CPU.Build.0 = Release|Any CPU
	EndGlobalSection
	GlobalSection(SolutionProperties) = preSolution
		HideSolutionNode = FALSE
	EndGlobalSection
	GlobalSection(ExtensibilityGlobals) = postSolution
		SolutionGuid = {BB0034FC-5AEC-4DBA-9E1D-BD7D11771A2C}
	EndGlobalSection
EndGlobal
